
Microsoft Visual Studio Solution File, Format Version 12.00
# Visual Studio Version 16
VisualStudioVersion = 16.0.31321.278
MinimumVisualStudioVersion = 10.0.40219.1
Project("{9A19103F-16F7-4668-BE54-9A1E7A4F7556}") = "SeminarskiWebAPI", "SeminarskiAPI\SeminarskiWebAPI.csproj", "{B0413B3F-8B64-4945-939C-DCB1544D63E0}"
EndProject
Project("{9A19103F-16F7-4668-BE54-9A1E7A4F7556}") = "eAutobusModel", "eAutobusModel\eAutobusModel.csproj", "{A9C0B81C-3737-4787-9EAF-BBF9B65D4753}"
EndProject
Project("{2150E333-8FDC-42A3-9474-1A3956D46DE8}") = "WinUI", "WinUI", "{540FC631-EE34-4944-B83D-C377235160FF}"
EndProject
Project("{FAE04EC0-301F-11D3-BF4B-00C04F79EFBC}") = "eAutobus.WinUI", "eAutobus.WinUI\eAutobus.WinUI.csproj", "{C6622845-DF60-41B0-9D96-9CE312B234A4}"
EndProject
Global
	GlobalSection(SolutionConfigurationPlatforms) = preSolution
		Debug|Any CPU = Debug|Any CPU
		Release|Any CPU = Release|Any CPU
	EndGlobalSection
	GlobalSection(ProjectConfigurationPlatforms) = postSolution
		{B0413B3F-8B64-4945-939C-DCB1544D63E0}.Debug|Any CPU.ActiveCfg = Debug|Any CPU
		{B0413B3F-8B64-4945-939C-DCB1544D63E0}.Debug|Any CPU.Build.0 = Debug|Any CPU
		{B0413B3F-8B64-4945-939C-DCB1544D63E0}.Release|Any CPU.ActiveCfg = Release|Any CPU
		{B0413B3F-8B64-4945-939C-DCB1544D63E0}.Release|Any CPU.Build.0 = Release|Any CPU
		{A9C0B81C-3737-4787-9EAF-BBF9B65D4753}.Debug|Any CPU.ActiveCfg = Debug|Any CPU
		{A9C0B81C-3737-4787-9EAF-BBF9B65D4753}.Debug|Any CPU.Build.0 = Debug|Any CPU
		{A9C0B81C-3737-4787-9EAF-BBF9B65D4753}.Release|Any CPU.ActiveCfg = Release|Any CPU
		{A9C0B81C-3737-4787-9EAF-BBF9B65D4753}.Release|Any CPU.Build.0 = Release|Any CPU
		{C6622845-DF60-41B0-9D96-9CE312B234A4}.Debug|Any CPU.ActiveCfg = Debug|Any CPU
		{C6622845-DF60-41B0-9D96-9CE312B234A4}.Debug|Any CPU.Build.0 = Debug|Any CPU
		{C6622845-DF60-41B0-9D96-9CE312B234A4}.Release|Any CPU.ActiveCfg = Release|Any CPU
		{C6622845-DF60-41B0-9D96-9CE312B234A4}.Release|Any CPU.Build.0 = Release|Any CPU
	EndGlobalSection
	GlobalSection(SolutionProperties) = preSolution
		HideSolutionNode = FALSE
	EndGlobalSection
	GlobalSection(NestedProjects) = preSolution
		{C6622845-DF60-41B0-9D96-9CE312B234A4} = {540FC631-EE34-4944-B83D-C377235160FF}
	EndGlobalSection
	GlobalSection(ExtensibilityGlobals) = postSolution
		SolutionGuid = {A1499982-70AE-4573-AC15-137198553206}
	EndGlobalSection
EndGlobal
